
Microsoft Visual Studio Solution File, Format Version 12.00
# Visual Studio Version 17
VisualStudioVersion = 17.9.34607.119
MinimumVisualStudioVersion = 10.0.40219.1
Project("{FAE04EC0-301F-11D3-BF4B-00C04F79EFBC}") = "Test", "Test\Test.csproj", "{C1FF1052-1539-45F9-955C-4DB232A1692A}"
EndProject
Global
	GlobalSection(SolutionConfigurationPlatforms) = preSolution
		Debug|Any CPU = Debug|Any CPU
		Release|Any CPU = Release|Any CPU
	EndGlobalSection
	GlobalSection(ProjectConfigurationPlatforms) = postSolution
		{C1FF1052-1539-45F9-955C-4DB232A1692A}.Debug|Any CPU.ActiveCfg = Debug|Any CPU
		{C1FF1052-1539-45F9-955C-4DB232A1692A}.Debug|Any CPU.Build.0 = Debug|Any CPU
		{C1FF1052-1539-45F9-955C-4DB232A1692A}.Release|Any CPU.ActiveCfg = Release|Any CPU
		{C1FF1052-1539-45F9-955C-4DB232A1692A}.Release|Any CPU.Build.0 = Release|Any CPU
	EndGlobalSection
	GlobalSection(SolutionProperties) = preSolution
		HideSolutionNode = FALSE
	EndGlobalSection
	GlobalSection(ExtensibilityGlobals) = postSolution
		SolutionGuid = {A627BBE6-F1FD-494A-8026-806C4465A593}
	EndGlobalSection
EndGlobal
